// !$*UTF8*$!
{
	archiveVersion = 1;
	classes = {
	};
	objectVersion = 56;
	objects = {

/* Begin PBXBuildFile section */
		65E6C0A72AE82E600011F6D7 /* InstagramDesignApp.swift in Sources */ = {isa = PBXBuildFile; fileRef = 65E6C0A62AE82E600011F6D7 /* InstagramDesignApp.swift */; };
		65E6C0A92AE82E600011F6D7 /* ContentView.swift in Sources */ = {isa = PBXBuildFile; fileRef = 65E6C0A82AE82E600011F6D7 /* ContentView.swift */; };
		65E6C0AB2AE82E620011F6D7 /* Assets.xcassets in Resources */ = {isa = PBXBuildFile; fileRef = 65E6C0AA2AE82E620011F6D7 /* Assets.xcassets */; };
		65E6C0AE2AE82E620011F6D7 /* Preview Assets.xcassets in Resources */ = {isa = PBXBuildFile; fileRef = 65E6C0AD2AE82E620011F6D7 /* Preview Assets.xcassets */; };
		65E6C0B82AE82E620011F6D7 /* InstagramDesignTests.swift in Sources */ = {isa = PBXBuildFile; fileRef = 65E6C0B72AE82E620011F6D7 /* InstagramDesignTests.swift */; };
		65E6C0C22AE82E620011F6D7 /* InstagramDesignUITests.swift in Sources */ = {isa = PBXBuildFile; fileRef = 65E6C0C12AE82E620011F6D7 /* InstagramDesignUITests.swift */; };
		65E6C0C42AE82E620011F6D7 /* InstagramDesignUITestsLaunchTests.swift in Sources */ = {isa = PBXBuildFile; fileRef = 65E6C0C32AE82E620011F6D7 /* InstagramDesignUITestsLaunchTests.swift */; };
		65E6C0D22AE82E8E0011F6D7 /* APIServiceManager.swift in Sources */ = {isa = PBXBuildFile; fileRef = 65E6C0D12AE82E8E0011F6D7 /* APIServiceManager.swift */; };
		65E6C0D52AE82EAE0011F6D7 /* User.swift in Sources */ = {isa = PBXBuildFile; fileRef = 65E6C0D42AE82EAD0011F6D7 /* User.swift */; };
		65E6C0D82AE831400011F6D7 /* InstaFeedViewModel.swift in Sources */ = {isa = PBXBuildFile; fileRef = 65E6C0D72AE831400011F6D7 /* InstaFeedViewModel.swift */; };
		65E6C0D92AE831400011F6D7 /* InstaFeedViewModel.swift in Sources */ = {isa = PBXBuildFile; fileRef = 65E6C0D72AE831400011F6D7 /* InstaFeedViewModel.swift */; };
		65E6C0DC2AE833720011F6D7 /* InstaFeedView.swift in Sources */ = {isa = PBXBuildFile; fileRef = 65E6C0DB2AE833720011F6D7 /* InstaFeedView.swift */; };
		65E6C0DD2AE833720011F6D7 /* InstaFeedView.swift in Sources */ = {isa = PBXBuildFile; fileRef = 65E6C0DB2AE833720011F6D7 /* InstaFeedView.swift */; };
		65E6C0E02AE83CB50011F6D7 /* ImageDownloader.swift in Sources */ = {isa = PBXBuildFile; fileRef = 65E6C0DF2AE83CB50011F6D7 /* ImageDownloader.swift */; };
		65E6C0E12AE83CB50011F6D7 /* ImageDownloader.swift in Sources */ = {isa = PBXBuildFile; fileRef = 65E6C0DF2AE83CB50011F6D7 /* ImageDownloader.swift */; };
		65E6C0E42AE856F40011F6D7 /* CachedAsyncImage in Frameworks */ = {isa = PBXBuildFile; productRef = 65E6C0E32AE856F40011F6D7 /* CachedAsyncImage */; };
		65E6C0E72AE858B10011F6D7 /* SDWebImageSwiftUI in Frameworks */ = {isa = PBXBuildFile; productRef = 65E6C0E62AE858B10011F6D7 /* SDWebImageSwiftUI */; };
/* End PBXBuildFile section */

/* Begin PBXContainerItemProxy section */
		65E6C0B42AE82E620011F6D7 /* PBXContainerItemProxy */ = {
			isa = PBXContainerItemProxy;
			containerPortal = 65E6C09B2AE82E600011F6D7 /* Project object */;
			proxyType = 1;
			remoteGlobalIDString = 65E6C0A22AE82E600011F6D7;
			remoteInfo = InstagramDesign;
		};
		65E6C0BE2AE82E620011F6D7 /* PBXContainerItemProxy */ = {
			isa = PBXContainerItemProxy;
			containerPortal = 65E6C09B2AE82E600011F6D7 /* Project object */;
			proxyType = 1;
			remoteGlobalIDString = 65E6C0A22AE82E600011F6D7;
			remoteInfo = InstagramDesign;
		};
/* End PBXContainerItemProxy section */

/* Begin PBXFileReference section */
		65E6C0A32AE82E600011F6D7 /* InstagramDesign.app */ = {isa = PBXFileReference; explicitFileType = wrapper.application; includeInIndex = 0; path = InstagramDesign.app; sourceTree = BUILT_PRODUCTS_DIR; };
		65E6C0A62AE82E600011F6D7 /* InstagramDesignApp.swift */ = {isa = PBXFileReference; lastKnownFileType = sourcecode.swift; path = InstagramDesignApp.swift; sourceTree = "<group>"; };
		65E6C0A82AE82E600011F6D7 /* ContentView.swift */ = {isa = PBXFileReference; lastKnownFileType = sourcecode.swift; path = ContentView.swift; sourceTree = "<group>"; };
		65E6C0AA2AE82E620011F6D7 /* Assets.xcassets */ = {isa = PBXFileReference; lastKnownFileType = folder.assetcatalog; path = Assets.xcassets; sourceTree = "<group>"; };
		65E6C0AD2AE82E620011F6D7 /* Preview Assets.xcassets */ = {isa = PBXFileReference; lastKnownFileType = folder.assetcatalog; path = "Preview Assets.xcassets"; sourceTree = "<group>"; };
		65E6C0B32AE82E620011F6D7 /* InstagramDesignTests.xctest */ = {isa = PBXFileReference; explicitFileType = wrapper.cfbundle; includeInIndex = 0; path = InstagramDesignTests.xctest; sourceTree = BUILT_PRODUCTS_DIR; };
		65E6C0B72AE82E620011F6D7 /* InstagramDesignTests.swift */ = {isa = PBXFileReference; lastKnownFileType = sourcecode.swift; path = InstagramDesignTests.swift; sourceTree = "<group>"; };
		65E6C0BD2AE82E620011F6D7 /* InstagramDesignUITests.xctest */ = {isa = PBXFileReference; explicitFileType = wrapper.cfbundle; includeInIndex = 0; path = InstagramDesignUITests.xctest; sourceTree = BUILT_PRODUCTS_DIR; };
		65E6C0C12AE82E620011F6D7 /* InstagramDesignUITests.swift */ = {isa = PBXFileReference; lastKnownFileType = sourcecode.swift; path = InstagramDesignUITests.swift; sourceTree = "<group>"; };
		65E6C0C32AE82E620011F6D7 /* InstagramDesignUITestsLaunchTests.swift */ = {isa = PBXFileReference; lastKnownFileType = sourcecode.swift; path = InstagramDesignUITestsLaunchTests.swift; sourceTree = "<group>"; };
		65E6C0D12AE82E8E0011F6D7 /* APIServiceManager.swift */ = {isa = PBXFileReference; lastKnownFileType = sourcecode.swift; path = APIServiceManager.swift; sourceTree = "<group>"; };
		65E6C0D42AE82EAD0011F6D7 /* User.swift */ = {isa = PBXFileReference; lastKnownFileType = sourcecode.swift; path = User.swift; sourceTree = "<group>"; };
		65E6C0D72AE831400011F6D7 /* InstaFeedViewModel.swift */ = {isa = PBXFileReference; lastKnownFileType = sourcecode.swift; path = InstaFeedViewModel.swift; sourceTree = "<group>"; };
		65E6C0DB2AE833720011F6D7 /* InstaFeedView.swift */ = {isa = PBXFileReference; lastKnownFileType = sourcecode.swift; path = InstaFeedView.swift; sourceTree = "<group>"; };
		65E6C0DF2AE83CB50011F6D7 /* ImageDownloader.swift */ = {isa = PBXFileReference; lastKnownFileType = sourcecode.swift; path = ImageDownloader.swift; sourceTree = "<group>"; };
/* End PBXFileReference section */

/* Begin PBXFrameworksBuildPhase section */
		65E6C0A02AE82E600011F6D7 /* Frameworks */ = {
			isa = PBXFrameworksBuildPhase;
			buildActionMask = 2147483647;
			files = (
				65E6C0E72AE858B10011F6D7 /* SDWebImageSwiftUI in Frameworks */,
				65E6C0E42AE856F40011F6D7 /* CachedAsyncImage in Frameworks */,
			);
			runOnlyForDeploymentPostprocessing = 0;
		};
		65E6C0B02AE82E620011F6D7 /* Frameworks */ = {
			isa = PBXFrameworksBuildPhase;
			buildActionMask = 2147483647;
			files = (
			);
			runOnlyForDeploymentPostprocessing = 0;
		};
		65E6C0BA2AE82E620011F6D7 /* Frameworks */ = {
			isa = PBXFrameworksBuildPhase;
			buildActionMask = 2147483647;
			files = (
			);
			runOnlyForDeploymentPostprocessing = 0;
		};
/* End PBXFrameworksBuildPhase section */

/* Begin PBXGroup section */
		65E6C09A2AE82E600011F6D7 = {
			isa = PBXGroup;
			children = (
				65E6C0A52AE82E600011F6D7 /* InstagramDesign */,
				65E6C0B62AE82E620011F6D7 /* InstagramDesignTests */,
				65E6C0C02AE82E620011F6D7 /* InstagramDesignUITests */,
				65E6C0A42AE82E600011F6D7 /* Products */,
			);
			sourceTree = "<group>";
		};
		65E6C0A42AE82E600011F6D7 /* Products */ = {
			isa = PBXGroup;
			children = (
				65E6C0A32AE82E600011F6D7 /* InstagramDesign.app */,
				65E6C0B32AE82E620011F6D7 /* InstagramDesignTests.xctest */,
				65E6C0BD2AE82E620011F6D7 /* InstagramDesignUITests.xctest */,
			);
			name = Products;
			sourceTree = "<group>";
		};
		65E6C0A52AE82E600011F6D7 /* InstagramDesign */ = {
			isa = PBXGroup;
			children = (
				65E6C0DE2AE83C960011F6D7 /* Utilities */,
				65E6C0DA2AE833500011F6D7 /* View */,
				65E6C0D62AE831190011F6D7 /* ViewModel */,
				65E6C0D32AE82EA20011F6D7 /* Model */,
				65E6C0D02AE82E740011F6D7 /* APIservice */,
				65E6C0A62AE82E600011F6D7 /* InstagramDesignApp.swift */,
				65E6C0A82AE82E600011F6D7 /* ContentView.swift */,
				65E6C0AA2AE82E620011F6D7 /* Assets.xcassets */,
				65E6C0AC2AE82E620011F6D7 /* Preview Content */,
			);
			path = InstagramDesign;
			sourceTree = "<group>";
		};
		65E6C0AC2AE82E620011F6D7 /* Preview Content */ = {
			isa = PBXGroup;
			children = (
				65E6C0AD2AE82E620011F6D7 /* Preview Assets.xcassets */,
			);
			path = "Preview Content";
			sourceTree = "<group>";
		};
		65E6C0B62AE82E620011F6D7 /* InstagramDesignTests */ = {
			isa = PBXGroup;
			children = (
				65E6C0B72AE82E620011F6D7 /* InstagramDesignTests.swift */,
			);
			path = InstagramDesignTests;
			sourceTree = "<group>";
		};
		65E6C0C02AE82E620011F6D7 /* InstagramDesignUITests */ = {
			isa = PBXGroup;
			children = (
				65E6C0C12AE82E620011F6D7 /* InstagramDesignUITests.swift */,
				65E6C0C32AE82E620011F6D7 /* InstagramDesignUITestsLaunchTests.swift */,
			);
			path = InstagramDesignUITests;
			sourceTree = "<group>";
		};
		65E6C0D02AE82E740011F6D7 /* APIservice */ = {
			isa = PBXGroup;
			children = (
				65E6C0D12AE82E8E0011F6D7 /* APIServiceManager.swift */,
			);
			path = APIservice;
			sourceTree = "<group>";
		};
		65E6C0D32AE82EA20011F6D7 /* Model */ = {
			isa = PBXGroup;
			children = (
				65E6C0D42AE82EAD0011F6D7 /* User.swift */,
			);
			path = Model;
			sourceTree = "<group>";
		};
		65E6C0D62AE831190011F6D7 /* ViewModel */ = {
			isa = PBXGroup;
			children = (
				65E6C0D72AE831400011F6D7 /* InstaFeedViewModel.swift */,
			);
			path = ViewModel;
			sourceTree = "<group>";
		};
		65E6C0DA2AE833500011F6D7 /* View */ = {
			isa = PBXGroup;
			children = (
				65E6C0DB2AE833720011F6D7 /* InstaFeedView.swift */,
			);
			path = View;
			sourceTree = "<group>";
		};
		65E6C0DE2AE83C960011F6D7 /* Utilities */ = {
			isa = PBXGroup;
			children = (
				65E6C0DF2AE83CB50011F6D7 /* ImageDownloader.swift */,
			);
			path = Utilities;
			sourceTree = "<group>";
		};
/* End PBXGroup section */

/* Begin PBXNativeTarget section */
		65E6C0A22AE82E600011F6D7 /* InstagramDesign */ = {
			isa = PBXNativeTarget;
			buildConfigurationList = 65E6C0C72AE82E620011F6D7 /* Build configuration list for PBXNativeTarget "InstagramDesign" */;
			buildPhases = (
				65E6C09F2AE82E600011F6D7 /* Sources */,
				65E6C0A02AE82E600011F6D7 /* Frameworks */,
				65E6C0A12AE82E600011F6D7 /* Resources */,
			);
			buildRules = (
			);
			dependencies = (
			);
			name = InstagramDesign;
			packageProductDependencies = (
				65E6C0E32AE856F40011F6D7 /* CachedAsyncImage */,
				65E6C0E62AE858B10011F6D7 /* SDWebImageSwiftUI */,
			);
			productName = InstagramDesign;
			productReference = 65E6C0A32AE82E600011F6D7 /* InstagramDesign.app */;
			productType = "com.apple.product-type.application";
		};
		65E6C0B22AE82E620011F6D7 /* InstagramDesignTests */ = {
			isa = PBXNativeTarget;
			buildConfigurationList = 65E6C0CA2AE82E620011F6D7 /* Build configuration list for PBXNativeTarget "InstagramDesignTests" */;
			buildPhases = (
				65E6C0AF2AE82E620011F6D7 /* Sources */,
				65E6C0B02AE82E620011F6D7 /* Frameworks */,
				65E6C0B12AE82E620011F6D7 /* Resources */,
			);
			buildRules = (
			);
			dependencies = (
				65E6C0B52AE82E620011F6D7 /* PBXTargetDependency */,
			);
			name = InstagramDesignTests;
			productName = InstagramDesignTests;
			productReference = 65E6C0B32AE82E620011F6D7 /* InstagramDesignTests.xctest */;
			productType = "com.apple.product-type.bundle.unit-test";
		};
		65E6C0BC2AE82E620011F6D7 /* InstagramDesignUITests */ = {
			isa = PBXNativeTarget;
			buildConfigurationList = 65E6C0CD2AE82E620011F6D7 /* Build configuration list for PBXNativeTarget "InstagramDesignUITests" */;
			buildPhases = (
				65E6C0B92AE82E620011F6D7 /* Sources */,
				65E6C0BA2AE82E620011F6D7 /* Frameworks */,
				65E6C0BB2AE82E620011F6D7 /* Resources */,
			);
			buildRules = (
			);
			dependencies = (
				65E6C0BF2AE82E620011F6D7 /* PBXTargetDependency */,
			);
			name = InstagramDesignUITests;
			productName = InstagramDesignUITests;
			productReference = 65E6C0BD2AE82E620011F6D7 /* InstagramDesignUITests.xctest */;
			productType = "com.apple.product-type.bundle.ui-testing";
		};
/* End PBXNativeTarget section */

/* Begin PBXProject section */
		65E6C09B2AE82E600011F6D7 /* Project object */ = {
			isa = PBXProject;
			attributes = {
				BuildIndependentTargetsInParallel = 1;
				LastSwiftUpdateCheck = 1430;
				LastUpgradeCheck = 1430;
				TargetAttributes = {
					65E6C0A22AE82E600011F6D7 = {
						CreatedOnToolsVersion = 14.3.1;
					};
					65E6C0B22AE82E620011F6D7 = {
						CreatedOnToolsVersion = 14.3.1;
						TestTargetID = 65E6C0A22AE82E600011F6D7;
					};
					65E6C0BC2AE82E620011F6D7 = {
						CreatedOnToolsVersion = 14.3.1;
						TestTargetID = 65E6C0A22AE82E600011F6D7;
					};
				};
			};
			buildConfigurationList = 65E6C09E2AE82E600011F6D7 /* Build configuration list for PBXProject "InstagramDesign" */;
			compatibilityVersion = "Xcode 14.0";
			developmentRegion = en;
			hasScannedForEncodings = 0;
			knownRegions = (
				en,
				Base,
			);
			mainGroup = 65E6C09A2AE82E600011F6D7;
			packageReferences = (
				65E6C0E22AE856F40011F6D7 /* XCRemoteSwiftPackageReference "swiftui-cached-async-image" */,
				65E6C0E52AE858B10011F6D7 /* XCRemoteSwiftPackageReference "SDWebImageSwiftUI" */,
			);
			productRefGroup = 65E6C0A42AE82E600011F6D7 /* Products */;
			projectDirPath = "";
			projectRoot = "";
			targets = (
				65E6C0A22AE82E600011F6D7 /* InstagramDesign */,
				65E6C0B22AE82E620011F6D7 /* InstagramDesignTests */,
				65E6C0BC2AE82E620011F6D7 /* InstagramDesignUITests */,
			);
		};
/* End PBXProject section */

/* Begin PBXResourcesBuildPhase section */
		65E6C0A12AE82E600011F6D7 /* Resources */ = {
			isa = PBXResourcesBuildPhase;
			buildActionMask = 2147483647;
			files = (
				65E6C0AE2AE82E620011F6D7 /* Preview Assets.xcassets in Resources */,
				65E6C0AB2AE82E620011F6D7 /* Assets.xcassets in Resources */,
			);
			runOnlyForDeploymentPostprocessing = 0;
		};
		65E6C0B12AE82E620011F6D7 /* Resources */ = {
			isa = PBXResourcesBuildPhase;
			buildActionMask = 2147483647;
			files = (
			);
			runOnlyForDeploymentPostprocessing = 0;
		};
		65E6C0BB2AE82E620011F6D7 /* Resources */ = {
			isa = PBXResourcesBuildPhase;
			buildActionMask = 2147483647;
			files = (
			);
			runOnlyForDeploymentPostprocessing = 0;
		};
/* End PBXResourcesBuildPhase section */

/* Begin PBXSourcesBuildPhase section */
		65E6C09F2AE82E600011F6D7 /* Sources */ = {
			isa = PBXSourcesBuildPhase;
			buildActionMask = 2147483647;
			files = (
				65E6C0D52AE82EAE0011F6D7 /* User.swift in Sources */,
				65E6C0A92AE82E600011F6D7 /* ContentView.swift in Sources */,
				65E6C0E02AE83CB50011F6D7 /* ImageDownloader.swift in Sources */,
				65E6C0D82AE831400011F6D7 /* InstaFeedViewModel.swift in Sources */,
				65E6C0D22AE82E8E0011F6D7 /* APIServiceManager.swift in Sources */,
				65E6C0DC2AE833720011F6D7 /* InstaFeedView.swift in Sources */,
				65E6C0A72AE82E600011F6D7 /* InstagramDesignApp.swift in Sources */,
			);
			runOnlyForDeploymentPostprocessing = 0;
		};
		65E6C0AF2AE82E620011F6D7 /* Sources */ = {
			isa = PBXSourcesBuildPhase;
			buildActionMask = 2147483647;
			files = (
				65E6C0D92AE831400011F6D7 /* InstaFeedViewModel.swift in Sources */,
				65E6C0DD2AE833720011F6D7 /* InstaFeedView.swift in Sources */,
				65E6C0E12AE83CB50011F6D7 /* ImageDownloader.swift in Sources */,
				65E6C0B82AE82E620011F6D7 /* InstagramDesignTests.swift in Sources */,
			);
			runOnlyForDeploymentPostprocessing = 0;
		};
		65E6C0B92AE82E620011F6D7 /* Sources */ = {
			isa = PBXSourcesBuildPhase;
			buildActionMask = 2147483647;
			files = (
				65E6C0C22AE82E620011F6D7 /* InstagramDesignUITests.swift in Sources */,
				65E6C0C42AE82E620011F6D7 /* InstagramDesignUITestsLaunchTests.swift in Sources */,
			);
			runOnlyForDeploymentPostprocessing = 0;
		};
/* End PBXSourcesBuildPhase section */

/* Begin PBXTargetDependency section */
		65E6C0B52AE82E620011F6D7 /* PBXTargetDependency */ = {
			isa = PBXTargetDependency;
			target = 65E6C0A22AE82E600011F6D7 /* InstagramDesign */;
			targetProxy = 65E6C0B42AE82E620011F6D7 /* PBXContainerItemProxy */;
		};
		65E6C0BF2AE82E620011F6D7 /* PBXTargetDependency */ = {
			isa = PBXTargetDependency;
			target = 65E6C0A22AE82E600011F6D7 /* InstagramDesign */;
			targetProxy = 65E6C0BE2AE82E620011F6D7 /* PBXContainerItemProxy */;
		};
/* End PBXTargetDependency section */

/* Begin XCBuildConfiguration section */
		65E6C0C52AE82E620011F6D7 /* Debug */ = {
			isa = XCBuildConfiguration;
			buildSettings = {
				ALWAYS_SEARCH_USER_PATHS = NO;
				CLANG_ANALYZER_NONNULL = YES;
				CLANG_ANALYZER_NUMBER_OBJECT_CONVERSION = YES_AGGRESSIVE;
				CLANG_CXX_LANGUAGE_STANDARD = "gnu++20";
				CLANG_ENABLE_MODULES = YES;
				CLANG_ENABLE_OBJC_ARC = YES;
				CLANG_ENABLE_OBJC_WEAK = YES;
				CLANG_WARN_BLOCK_CAPTURE_AUTORELEASING = YES;
				CLANG_WARN_BOOL_CONVERSION = YES;
				CLANG_WARN_COMMA = YES;
				CLANG_WARN_CONSTANT_CONVERSION = YES;
				CLANG_WARN_DEPRECATED_OBJC_IMPLEMENTATIONS = YES;
				CLANG_WARN_DIRECT_OBJC_ISA_USAGE = YES_ERROR;
				CLANG_WARN_DOCUMENTATION_COMMENTS = YES;
				CLANG_WARN_EMPTY_BODY = YES;
				CLANG_WARN_ENUM_CONVERSION = YES;
				CLANG_WARN_INFINITE_RECURSION = YES;
				CLANG_WARN_INT_CONVERSION = YES;
				CLANG_WARN_NON_LITERAL_NULL_CONVERSION = YES;
				CLANG_WARN_OBJC_IMPLICIT_RETAIN_SELF = YES;
				CLANG_WARN_OBJC_LITERAL_CONVERSION = YES;
				CLANG_WARN_OBJC_ROOT_CLASS = YES_ERROR;
				CLANG_WARN_QUOTED_INCLUDE_IN_FRAMEWORK_HEADER = YES;
				CLANG_WARN_RANGE_LOOP_ANALYSIS = YES;
				CLANG_WARN_STRICT_PROTOTYPES = YES;
				CLANG_WARN_SUSPICIOUS_MOVE = YES;
				CLANG_WARN_UNGUARDED_AVAILABILITY = YES_AGGRESSIVE;
				CLANG_WARN_UNREACHABLE_CODE = YES;
				CLANG_WARN__DUPLICATE_METHOD_MATCH = YES;
				COPY_PHASE_STRIP = NO;
				DEBUG_INFORMATION_FORMAT = dwarf;
				ENABLE_STRICT_OBJC_MSGSEND = YES;
				ENABLE_TESTABILITY = YES;
				GCC_C_LANGUAGE_STANDARD = gnu11;
				GCC_DYNAMIC_NO_PIC = NO;
				GCC_NO_COMMON_BLOCKS = YES;
				GCC_OPTIMIZATION_LEVEL = 0;
				GCC_PREPROCESSOR_DEFINITIONS = (
					"DEBUG=1",
					"$(inherited)",
				);
				GCC_WARN_64_TO_32_BIT_CONVERSION = YES;
				GCC_WARN_ABOUT_RETURN_TYPE = YES_ERROR;
				GCC_WARN_UNDECLARED_SELECTOR = YES;
				GCC_WARN_UNINITIALIZED_AUTOS = YES_AGGRESSIVE;
				GCC_WARN_UNUSED_FUNCTION = YES;
				GCC_WARN_UNUSED_VARIABLE = YES;
				IPHONEOS_DEPLOYMENT_TARGET = 16.4;
				MTL_ENABLE_DEBUG_INFO = INCLUDE_SOURCE;
				MTL_FAST_MATH = YES;
				ONLY_ACTIVE_ARCH = YES;
				SDKROOT = iphoneos;
				SWIFT_ACTIVE_COMPILATION_CONDITIONS = DEBUG;
				SWIFT_OPTIMIZATION_LEVEL = "-Onone";
			};
			name = Debug;
		};
		65E6C0C62AE82E620011F6D7 /* Release */ = {
			isa = XCBuildConfiguration;
			buildSettings = {
				ALWAYS_SEARCH_USER_PATHS = NO;
				CLANG_ANALYZER_NONNULL = YES;
				CLANG_ANALYZER_NUMBER_OBJECT_CONVERSION = YES_AGGRESSIVE;
				CLANG_CXX_LANGUAGE_STANDARD = "gnu++20";
				CLANG_ENABLE_MODULES = YES;
				CLANG_ENABLE_OBJC_ARC = YES;
				CLANG_ENABLE_OBJC_WEAK = YES;
				CLANG_WARN_BLOCK_CAPTURE_AUTORELEASING = YES;
				CLANG_WARN_BOOL_CONVERSION = YES;
				CLANG_WARN_COMMA = YES;
				CLANG_WARN_CONSTANT_CONVERSION = YES;
				CLANG_WARN_DEPRECATED_OBJC_IMPLEMENTATIONS = YES;
				CLANG_WARN_DIRECT_OBJC_ISA_USAGE = YES_ERROR;
				CLANG_WARN_DOCUMENTATION_COMMENTS = YES;
				CLANG_WARN_EMPTY_BODY = YES;
				CLANG_WARN_ENUM_CONVERSION = YES;
				CLANG_WARN_INFINITE_RECURSION = YES;
				CLANG_WARN_INT_CONVERSION = YES;
				CLANG_WARN_NON_LITERAL_NULL_CONVERSION = YES;
				CLANG_WARN_OBJC_IMPLICIT_RETAIN_SELF = YES;
				CLANG_WARN_OBJC_LITERAL_CONVERSION = YES;
				CLANG_WARN_OBJC_ROOT_CLASS = YES_ERROR;
				CLANG_WARN_QUOTED_INCLUDE_IN_FRAMEWORK_HEADER = YES;
				CLANG_WARN_RANGE_LOOP_ANALYSIS = YES;
				CLANG_WARN_STRICT_PROTOTYPES = YES;
				CLANG_WARN_SUSPICIOUS_MOVE = YES;
				CLANG_WARN_UNGUARDED_AVAILABILITY = YES_AGGRESSIVE;
				CLANG_WARN_UNREACHABLE_CODE = YES;
				CLANG_WARN__DUPLICATE_METHOD_MATCH = YES;
				COPY_PHASE_STRIP = NO;
				DEBUG_INFORMATION_FORMAT = "dwarf-with-dsym";
				ENABLE_NS_ASSERTIONS = NO;
				ENABLE_STRICT_OBJC_MSGSEND = YES;
				GCC_C_LANGUAGE_STANDARD = gnu11;
				GCC_NO_COMMON_BLOCKS = YES;
				GCC_WARN_64_TO_32_BIT_CONVERSION = YES;
				GCC_WARN_ABOUT_RETURN_TYPE = YES_ERROR;
				GCC_WARN_UNDECLARED_SELECTOR = YES;
				GCC_WARN_UNINITIALIZED_AUTOS = YES_AGGRESSIVE;
				GCC_WARN_UNUSED_FUNCTION = YES;
				GCC_WARN_UNUSED_VARIABLE = YES;
				IPHONEOS_DEPLOYMENT_TARGET = 16.4;
				MTL_ENABLE_DEBUG_INFO = NO;
				MTL_FAST_MATH = YES;
				SDKROOT = iphoneos;
				SWIFT_COMPILATION_MODE = wholemodule;
				SWIFT_OPTIMIZATION_LEVEL = "-O";
				VALIDATE_PRODUCT = YES;
			};
			name = Release;
		};
		65E6C0C82AE82E620011F6D7 /* Debug */ = {
			isa = XCBuildConfiguration;
			buildSettings = {
				ASSETCATALOG_COMPILER_APPICON_NAME = AppIcon;
				ASSETCATALOG_COMPILER_GLOBAL_ACCENT_COLOR_NAME = AccentColor;
				CODE_SIGN_STYLE = Automatic;
				CURRENT_PROJECT_VERSION = 1;
				DEVELOPMENT_ASSET_PATHS = "\"InstagramDesign/Preview Content\"";
				ENABLE_PREVIEWS = YES;
				GENERATE_INFOPLIST_FILE = YES;
				INFOPLIST_KEY_UIApplicationSceneManifest_Generation = YES;
				INFOPLIST_KEY_UIApplicationSupportsIndirectInputEvents = YES;
				INFOPLIST_KEY_UILaunchScreen_Generation = YES;
				INFOPLIST_KEY_UISupportedInterfaceOrientations_iPad = "UIInterfaceOrientationPortrait UIInterfaceOrientationPortraitUpsideDown UIInterfaceOrientationLandscapeLeft UIInterfaceOrientationLandscapeRight";
				INFOPLIST_KEY_UISupportedInterfaceOrientations_iPhone = "UIInterfaceOrientationPortrait UIInterfaceOrientationLandscapeLeft UIInterfaceOrientationLandscapeRight";
				LD_RUNPATH_SEARCH_PATHS = (
					"$(inherited)",
					"@executable_path/Frameworks",
				);
				MARKETING_VERSION = 1.0;
				PRODUCT_BUNDLE_IDENTIFIER = com.xxxx.InstagramDesign;
				PRODUCT_NAME = "$(TARGET_NAME)";
				SWIFT_EMIT_LOC_STRINGS = YES;
				SWIFT_VERSION = 5.0;
				TARGETED_DEVICE_FAMILY = "1,2";
			};
			name = Debug;
		};
		65E6C0C92AE82E620011F6D7 /* Release */ = {
			isa = XCBuildConfiguration;
			buildSettings = {
				ASSETCATALOG_COMPILER_APPICON_NAME = AppIcon;
				ASSETCATALOG_COMPILER_GLOBAL_ACCENT_COLOR_NAME = AccentColor;
				CODE_SIGN_STYLE = Automatic;
				CURRENT_PROJECT_VERSION = 1;
				DEVELOPMENT_ASSET_PATHS = "\"InstagramDesign/Preview Content\"";
				ENABLE_PREVIEWS = YES;
				GENERATE_INFOPLIST_FILE = YES;
				INFOPLIST_KEY_UIApplicationSceneManifest_Generation = YES;
				INFOPLIST_KEY_UIApplicationSupportsIndirectInputEvents = YES;
				INFOPLIST_KEY_UILaunchScreen_Generation = YES;
				INFOPLIST_KEY_UISupportedInterfaceOrientations_iPad = "UIInterfaceOrientationPortrait UIInterfaceOrientationPortraitUpsideDown UIInterfaceOrientationLandscapeLeft UIInterfaceOrientationLandscapeRight";
				INFOPLIST_KEY_UISupportedInterfaceOrientations_iPhone = "UIInterfaceOrientationPortrait UIInterfaceOrientationLandscapeLeft UIInterfaceOrientationLandscapeRight";
				LD_RUNPATH_SEARCH_PATHS = (
					"$(inherited)",
					"@executable_path/Frameworks",
				);
				MARKETING_VERSION = 1.0;
				PRODUCT_BUNDLE_IDENTIFIER = com.xxxx.InstagramDesign;
				PRODUCT_NAME = "$(TARGET_NAME)";
				SWIFT_EMIT_LOC_STRINGS = YES;
				SWIFT_VERSION = 5.0;
				TARGETED_DEVICE_FAMILY = "1,2";
			};
			name = Release;
		};
		65E6C0CB2AE82E620011F6D7 /* Debug */ = {
			isa = XCBuildConfiguration;
			buildSettings = {
				ALWAYS_EMBED_SWIFT_STANDARD_LIBRARIES = YES;
				BUNDLE_LOADER = "$(TEST_HOST)";
				CODE_SIGN_STYLE = Automatic;
				CURRENT_PROJECT_VERSION = 1;
				GENERATE_INFOPLIST_FILE = YES;
				IPHONEOS_DEPLOYMENT_TARGET = 16.4;
				MARKETING_VERSION = 1.0;
				PRODUCT_BUNDLE_IDENTIFIER = com.xxxx.InstagramDesignTests;
				PRODUCT_NAME = "$(TARGET_NAME)";
				SWIFT_EMIT_LOC_STRINGS = NO;
				SWIFT_VERSION = 5.0;
				TARGETED_DEVICE_FAMILY = "1,2";
				TEST_HOST = "$(BUILT_PRODUCTS_DIR)/InstagramDesign.app/$(BUNDLE_EXECUTABLE_FOLDER_PATH)/InstagramDesign";
			};
			name = Debug;
		};
		65E6C0CC2AE82E620011F6D7 /* Release */ = {
			isa = XCBuildConfiguration;
			buildSettings = {
				ALWAYS_EMBED_SWIFT_STANDARD_LIBRARIES = YES;
				BUNDLE_LOADER = "$(TEST_HOST)";
				CODE_SIGN_STYLE = Automatic;
				CURRENT_PROJECT_VERSION = 1;
				GENERATE_INFOPLIST_FILE = YES;
				IPHONEOS_DEPLOYMENT_TARGET = 16.4;
				MARKETING_VERSION = 1.0;
				PRODUCT_BUNDLE_IDENTIFIER = com.xxxx.InstagramDesignTests;
				PRODUCT_NAME = "$(TARGET_NAME)";
				SWIFT_EMIT_LOC_STRINGS = NO;
				SWIFT_VERSION = 5.0;
				TARGETED_DEVICE_FAMILY = "1,2";
				TEST_HOST = "$(BUILT_PRODUCTS_DIR)/InstagramDesign.app/$(BUNDLE_EXECUTABLE_FOLDER_PATH)/InstagramDesign";
			};
			name = Release;
		};
		65E6C0CE2AE82E620011F6D7 /* Debug */ = {
			isa = XCBuildConfiguration;
			buildSettings = {
				ALWAYS_EMBED_SWIFT_STANDARD_LIBRARIES = YES;
				CODE_SIGN_STYLE = Automatic;
				CURRENT_PROJECT_VERSION = 1;
				GENERATE_INFOPLIST_FILE = YES;
				MARKETING_VERSION = 1.0;
				PRODUCT_BUNDLE_IDENTIFIER = com.xxxx.InstagramDesignUITests;
				PRODUCT_NAME = "$(TARGET_NAME)";
				SWIFT_EMIT_LOC_STRINGS = NO;
				SWIFT_VERSION = 5.0;
				TARGETED_DEVICE_FAMILY = "1,2";
				TEST_TARGET_NAME = InstagramDesign;
			};
			name = Debug;
		};
		65E6C0CF2AE82E620011F6D7 /* Release */ = {
			isa = XCBuildConfiguration;
			buildSettings = {
				ALWAYS_EMBED_SWIFT_STANDARD_LIBRARIES = YES;
				CODE_SIGN_STYLE = Automatic;
				CURRENT_PROJECT_VERSION = 1;
				GENERATE_INFOPLIST_FILE = YES;
				MARKETING_VERSION = 1.0;
				PRODUCT_BUNDLE_IDENTIFIER = com.xxxx.InstagramDesignUITests;
				PRODUCT_NAME = "$(TARGET_NAME)";
				SWIFT_EMIT_LOC_STRINGS = NO;
				SWIFT_VERSION = 5.0;
				TARGETED_DEVICE_FAMILY = "1,2";
				TEST_TARGET_NAME = InstagramDesign;
			};
			name = Release;
		};
/* End XCBuildConfiguration section */

/* Begin XCConfigurationList section */
		65E6C09E2AE82E600011F6D7 /* Build configuration list for PBXProject "InstagramDesign" */ = {
			isa = XCConfigurationList;
			buildConfigurations = (
				65E6C0C52AE82E620011F6D7 /* Debug */,
				65E6C0C62AE82E620011F6D7 /* Release */,
			);
			defaultConfigurationIsVisible = 0;
			defaultConfigurationName = Release;
		};
		65E6C0C72AE82E620011F6D7 /* Build configuration list for PBXNativeTarget "InstagramDesign" */ = {
			isa = XCConfigurationList;
			buildConfigurations = (
				65E6C0C82AE82E620011F6D7 /* Debug */,
				65E6C0C92AE82E620011F6D7 /* Release */,
			);
			defaultConfigurationIsVisible = 0;
			defaultConfigurationName = Release;
		};
		65E6C0CA2AE82E620011F6D7 /* Build configuration list for PBXNativeTarget "InstagramDesignTests" */ = {
			isa = XCConfigurationList;
			buildConfigurations = (
				65E6C0CB2AE82E620011F6D7 /* Debug */,
				65E6C0CC2AE82E620011F6D7 /* Release */,
			);
			defaultConfigurationIsVisible = 0;
			defaultConfigurationName = Release;
		};
		65E6C0CD2AE82E620011F6D7 /* Build configuration list for PBXNativeTarget "InstagramDesignUITests" */ = {
			isa = XCConfigurationList;
			buildConfigurations = (
				65E6C0CE2AE82E620011F6D7 /* Debug */,
				65E6C0CF2AE82E620011F6D7 /* Release */,
			);
			defaultConfigurationIsVisible = 0;
			defaultConfigurationName = Release;
		};
/* End XCConfigurationList section */

/* Begin XCRemoteSwiftPackageReference section */
		65E6C0E22AE856F40011F6D7 /* XCRemoteSwiftPackageReference "swiftui-cached-async-image" */ = {
			isa = XCRemoteSwiftPackageReference;
			repositoryURL = "https://github.com/lorenzofiamingo/swiftui-cached-async-image.git";
			requirement = {
				kind = upToNextMajorVersion;
				minimumVersion = 2.0.0;
			};
		};
		65E6C0E52AE858B10011F6D7 /* XCRemoteSwiftPackageReference "SDWebImageSwiftUI" */ = {
			isa = XCRemoteSwiftPackageReference;
			repositoryURL = "https://github.com/SDWebImage/SDWebImageSwiftUI.git";
			requirement = {
				kind = upToNextMajorVersion;
				minimumVersion = 2.0.0;
			};
		};
/* End XCRemoteSwiftPackageReference section */

/* Begin XCSwiftPackageProductDependency section */
		65E6C0E32AE856F40011F6D7 /* CachedAsyncImage */ = {
			isa = XCSwiftPackageProductDependency;
			package = 65E6C0E22AE856F40011F6D7 /* XCRemoteSwiftPackageReference "swiftui-cached-async-image" */;
			productName = CachedAsyncImage;
		};
		65E6C0E62AE858B10011F6D7 /* SDWebImageSwiftUI */ = {
			isa = XCSwiftPackageProductDependency;
			package = 65E6C0E52AE858B10011F6D7 /* XCRemoteSwiftPackageReference "SDWebImageSwiftUI" */;
			productName = SDWebImageSwiftUI;
		};
/* End XCSwiftPackageProductDependency section */
	};
	rootObject = 65E6C09B2AE82E600011F6D7 /* Project object */;
}
